// !$*UTF8*$!
{
	archiveVersion = 1;
	classes = {
	};
	objectVersion = 50;
	objects = {

/* Begin PBXBuildFile section */
		4815A118208D859600FD1E10 /* HelperFiles.swift in Sources */ = {isa = PBXBuildFile; fileRef = 4815A117208D859600FD1E10 /* HelperFiles.swift */; };
		4815A11A208DB8AF00FD1E10 /* ChatViewController.swift in Sources */ = {isa = PBXBuildFile; fileRef = 4815A119208DB8AF00FD1E10 /* ChatViewController.swift */; };
		4815A11C208DC90D00FD1E10 /* Message.swift in Sources */ = {isa = PBXBuildFile; fileRef = 4815A11B208DC90D00FD1E10 /* Message.swift */; };
		4839A3FF208B92E500E15B62 /* AppDelegate.swift in Sources */ = {isa = PBXBuildFile; fileRef = 4839A3FE208B92E500E15B62 /* AppDelegate.swift */; };
		4839A401208B92E500E15B62 /* LandingViewController.swift in Sources */ = {isa = PBXBuildFile; fileRef = 4839A400208B92E500E15B62 /* LandingViewController.swift */; };
		4839A404208B92E500E15B62 /* Main.storyboard in Resources */ = {isa = PBXBuildFile; fileRef = 4839A402208B92E500E15B62 /* Main.storyboard */; };
		4839A406208B92E700E15B62 /* Assets.xcassets in Resources */ = {isa = PBXBuildFile; fileRef = 4839A405208B92E700E15B62 /* Assets.xcassets */; };
		4839A409208B92E700E15B62 /* LaunchScreen.storyboard in Resources */ = {isa = PBXBuildFile; fileRef = 4839A407208B92E700E15B62 /* LaunchScreen.storyboard */; };
		4839A413208B939900E15B62 /* WelcomeViewController.swift in Sources */ = {isa = PBXBuildFile; fileRef = 4839A412208B939900E15B62 /* WelcomeViewController.swift */; };
		484019A720917AC500E6113F /* Conversation.swift in Sources */ = {isa = PBXBuildFile; fileRef = 484019A620917AC500E6113F /* Conversation.swift */; };
		484019A92091C99E00E6113F /* newMessage.wav in Resources */ = {isa = PBXBuildFile; fileRef = 484019A82091C99E00E6113F /* newMessage.wav */; };
		48A6CEC7208C9DE500724E63 /* User.swift in Sources */ = {isa = PBXBuildFile; fileRef = 48A6CEC6208C9DE500724E63 /* User.swift */; };
		48A6CEC9208CA1E300724E63 /* GoogleService-Info.plist in Resources */ = {isa = PBXBuildFile; fileRef = 48A6CEC8208CA1E300724E63 /* GoogleService-Info.plist */; };
		48A6CECB208CB39800724E63 /* NavigationViewController.swift in Sources */ = {isa = PBXBuildFile; fileRef = 48A6CECA208CB39800724E63 /* NavigationViewController.swift */; };
		48A6CECD208CC26600724E63 /* ConversationsViewController.swift in Sources */ = {isa = PBXBuildFile; fileRef = 48A6CECC208CC26600724E63 /* ConversationsViewController.swift */; };
		48F4E841208CF4F600892F6E /* VCCells.swift in Sources */ = {isa = PBXBuildFile; fileRef = 48F4E840208CF4F600892F6E /* VCCells.swift */; };
		FCD203FE0BE41B1C071E5355 /* Pods_QuickChatClone.framework in Frameworks */ = {isa = PBXBuildFile; fileRef = C022BFA59FE7EBF2CC729EAB /* Pods_QuickChatClone.framework */; };
/* End PBXBuildFile section */

/* Begin PBXFileReference section */
		46634387B9089EF0301B802D /* Pods-QuickChatClone.debug.xcconfig */ = {isa = PBXFileReference; includeInIndex = 1; lastKnownFileType = text.xcconfig; name = "Pods-QuickChatClone.debug.xcconfig"; path = "Pods/Target Support Files/Pods-QuickChatClone/Pods-QuickChatClone.debug.xcconfig"; sourceTree = "<group>"; };
		4815A117208D859600FD1E10 /* HelperFiles.swift */ = {isa = PBXFileReference; lastKnownFileType = sourcecode.swift; path = HelperFiles.swift; sourceTree = "<group>"; };
		4815A119208DB8AF00FD1E10 /* ChatViewController.swift */ = {isa = PBXFileReference; lastKnownFileType = sourcecode.swift; path = ChatViewController.swift; sourceTree = "<group>"; };
		4815A11B208DC90D00FD1E10 /* Message.swift */ = {isa = PBXFileReference; lastKnownFileType = sourcecode.swift; path = Message.swift; sourceTree = "<group>"; };
		4839A3FB208B92E500E15B62 /* QuickChatClone.app */ = {isa = PBXFileReference; explicitFileType = wrapper.application; includeInIndex = 0; path = QuickChatClone.app; sourceTree = BUILT_PRODUCTS_DIR; };
		4839A3FE208B92E500E15B62 /* AppDelegate.swift */ = {isa = PBXFileReference; lastKnownFileType = sourcecode.swift; path = AppDelegate.swift; sourceTree = "<group>"; };
		4839A400208B92E500E15B62 /* LandingViewController.swift */ = {isa = PBXFileReference; lastKnownFileType = sourcecode.swift; path = LandingViewController.swift; sourceTree = "<group>"; };
		4839A403208B92E500E15B62 /* Base */ = {isa = PBXFileReference; lastKnownFileType = file.storyboard; name = Base; path = Base.lproj/Main.storyboard; sourceTree = "<group>"; };
		4839A405208B92E700E15B62 /* Assets.xcassets */ = {isa = PBXFileReference; lastKnownFileType = folder.assetcatalog; path = Assets.xcassets; sourceTree = "<group>"; };
		4839A408208B92E700E15B62 /* Base */ = {isa = PBXFileReference; lastKnownFileType = file.storyboard; name = Base; path = Base.lproj/LaunchScreen.storyboard; sourceTree = "<group>"; };
		4839A40A208B92E700E15B62 /* Info.plist */ = {isa = PBXFileReference; lastKnownFileType = text.plist.xml; path = Info.plist; sourceTree = "<group>"; };
		4839A412208B939900E15B62 /* WelcomeViewController.swift */ = {isa = PBXFileReference; lastKnownFileType = sourcecode.swift; path = WelcomeViewController.swift; sourceTree = "<group>"; };
		484019A620917AC500E6113F /* Conversation.swift */ = {isa = PBXFileReference; lastKnownFileType = sourcecode.swift; path = Conversation.swift; sourceTree = "<group>"; };
		484019A82091C99E00E6113F /* newMessage.wav */ = {isa = PBXFileReference; lastKnownFileType = audio.wav; path = newMessage.wav; sourceTree = "<group>"; };
		48A6CEC6208C9DE500724E63 /* User.swift */ = {isa = PBXFileReference; lastKnownFileType = sourcecode.swift; path = User.swift; sourceTree = "<group>"; };
		48A6CEC8208CA1E300724E63 /* GoogleService-Info.plist */ = {isa = PBXFileReference; fileEncoding = 4; lastKnownFileType = text.plist.xml; path = "GoogleService-Info.plist"; sourceTree = "<group>"; };
		48A6CECA208CB39800724E63 /* NavigationViewController.swift */ = {isa = PBXFileReference; lastKnownFileType = sourcecode.swift; path = NavigationViewController.swift; sourceTree = "<group>"; };
		48A6CECC208CC26600724E63 /* ConversationsViewController.swift */ = {isa = PBXFileReference; lastKnownFileType = sourcecode.swift; path = ConversationsViewController.swift; sourceTree = "<group>"; };
		48F4E840208CF4F600892F6E /* VCCells.swift */ = {isa = PBXFileReference; lastKnownFileType = sourcecode.swift; path = VCCells.swift; sourceTree = "<group>"; };
		6D4715BDBFDAD15DFFD7811B /* Pods-QuickChatClone.release.xcconfig */ = {isa = PBXFileReference; includeInIndex = 1; lastKnownFileType = text.xcconfig; name = "Pods-QuickChatClone.release.xcconfig"; path = "Pods/Target Support Files/Pods-QuickChatClone/Pods-QuickChatClone.release.xcconfig"; sourceTree = "<group>"; };
		C022BFA59FE7EBF2CC729EAB /* Pods_QuickChatClone.framework */ = {isa = PBXFileReference; explicitFileType = wrapper.framework; includeInIndex = 0; path = Pods_QuickChatClone.framework; sourceTree = BUILT_PRODUCTS_DIR; };
/* End PBXFileReference section */

/* Begin PBXFrameworksBuildPhase section */
		4839A3F8208B92E500E15B62 /* Frameworks */ = {
			isa = PBXFrameworksBuildPhase;
			buildActionMask = 2147483647;
			files = (
				FCD203FE0BE41B1C071E5355 /* Pods_QuickChatClone.framework in Frameworks */,
			);
			runOnlyForDeploymentPostprocessing = 0;
		};
/* End PBXFrameworksBuildPhase section */

/* Begin PBXGroup section */
		4815A114208D855E00FD1E10 /* HelperFiles */ = {
			isa = PBXGroup;
			children = (
				4815A117208D859600FD1E10 /* HelperFiles.swift */,
			);
			path = HelperFiles;
			sourceTree = "<group>";
		};
		4839A3F2208B92E500E15B62 = {
			isa = PBXGroup;
			children = (
				4839A3FD208B92E500E15B62 /* QuickChatClone */,
				4839A3FC208B92E500E15B62 /* Products */,
				C56F4D7702C7C6BE99894DDB /* Pods */,
				8856FCE4443F6EFE42AFDB4E /* Frameworks */,
			);
			sourceTree = "<group>";
		};
		4839A3FC208B92E500E15B62 /* Products */ = {
			isa = PBXGroup;
			children = (
				4839A3FB208B92E500E15B62 /* QuickChatClone.app */,
			);
			name = Products;
			sourceTree = "<group>";
		};
		4839A3FD208B92E500E15B62 /* QuickChatClone */ = {
			isa = PBXGroup;
			children = (
				4839A3FE208B92E500E15B62 /* AppDelegate.swift */,
				4839A410208B932200E15B62 /* Controllers */,
				4839A411208B932800E15B62 /* Views */,
				48A6CEC5208C9DBE00724E63 /* Models */,
				4815A114208D855E00FD1E10 /* HelperFiles */,
				4839A405208B92E700E15B62 /* Assets.xcassets */,
				484019A82091C99E00E6113F /* newMessage.wav */,
				4839A407208B92E700E15B62 /* LaunchScreen.storyboard */,
				4839A40A208B92E700E15B62 /* Info.plist */,
				48A6CEC8208CA1E300724E63 /* GoogleService-Info.plist */,
			);
			path = QuickChatClone;
			sourceTree = "<group>";
		};
		4839A410208B932200E15B62 /* Controllers */ = {
			isa = PBXGroup;
			children = (
				4839A400208B92E500E15B62 /* LandingViewController.swift */,
				4839A412208B939900E15B62 /* WelcomeViewController.swift */,
				48A6CECA208CB39800724E63 /* NavigationViewController.swift */,
				48A6CECC208CC26600724E63 /* ConversationsViewController.swift */,
				4815A119208DB8AF00FD1E10 /* ChatViewController.swift */,
			);
			path = Controllers;
			sourceTree = "<group>";
		};
		4839A411208B932800E15B62 /* Views */ = {
			isa = PBXGroup;
			children = (
				4839A402208B92E500E15B62 /* Main.storyboard */,
				48F4E840208CF4F600892F6E /* VCCells.swift */,
			);
			path = Views;
			sourceTree = "<group>";
		};
		48A6CEC5208C9DBE00724E63 /* Models */ = {
			isa = PBXGroup;
			children = (
				48A6CEC6208C9DE500724E63 /* User.swift */,
				4815A11B208DC90D00FD1E10 /* Message.swift */,
				484019A620917AC500E6113F /* Conversation.swift */,
			);
			path = Models;
			sourceTree = "<group>";
		};
		8856FCE4443F6EFE42AFDB4E /* Frameworks */ = {
			isa = PBXGroup;
			children = (
				C022BFA59FE7EBF2CC729EAB /* Pods_QuickChatClone.framework */,
			);
			name = Frameworks;
			sourceTree = "<group>";
		};
		C56F4D7702C7C6BE99894DDB /* Pods */ = {
			isa = PBXGroup;
			children = (
				46634387B9089EF0301B802D /* Pods-QuickChatClone.debug.xcconfig */,
				6D4715BDBFDAD15DFFD7811B /* Pods-QuickChatClone.release.xcconfig */,
			);
			name = Pods;
			sourceTree = "<group>";
		};
/* End PBXGroup section */

/* Begin PBXNativeTarget section */
		4839A3FA208B92E500E15B62 /* QuickChatClone */ = {
			isa = PBXNativeTarget;
			buildConfigurationList = 4839A40D208B92E700E15B62 /* Build configuration list for PBXNativeTarget "QuickChatClone" */;
			buildPhases = (
				6860B8B215A325C9C1882F3C /* [CP] Check Pods Manifest.lock */,
				4839A3F7208B92E500E15B62 /* Sources */,
				4839A3F8208B92E500E15B62 /* Frameworks */,
				4839A3F9208B92E500E15B62 /* Resources */,
				EFC05686635C425CEC100CEF /* [CP] Embed Pods Frameworks */,
			);
			buildRules = (
			);
			dependencies = (
			);
			name = QuickChatClone;
			productName = QuickChatClone;
			productReference = 4839A3FB208B92E500E15B62 /* QuickChatClone.app */;
			productType = "com.apple.product-type.application";
		};
/* End PBXNativeTarget section */

/* Begin PBXProject section */
		4839A3F3208B92E500E15B62 /* Project object */ = {
			isa = PBXProject;
			attributes = {
				LastSwiftUpdateCheck = 0930;
				LastUpgradeCheck = 0930;
				ORGANIZATIONNAME = "Trung Trinh";
				TargetAttributes = {
					4839A3FA208B92E500E15B62 = {
						CreatedOnToolsVersion = 9.3;
					};
				};
			};
			buildConfigurationList = 4839A3F6208B92E500E15B62 /* Build configuration list for PBXProject "QuickChatClone" */;
			compatibilityVersion = "Xcode 9.3";
			developmentRegion = en;
			hasScannedForEncodings = 0;
			knownRegions = (
				en,
				Base,
			);
			mainGroup = 4839A3F2208B92E500E15B62;
			productRefGroup = 4839A3FC208B92E500E15B62 /* Products */;
			projectDirPath = "";
			projectRoot = "";
			targets = (
				4839A3FA208B92E500E15B62 /* QuickChatClone */,
			);
		};
/* End PBXProject section */

/* Begin PBXResourcesBuildPhase section */
		4839A3F9208B92E500E15B62 /* Resources */ = {
			isa = PBXResourcesBuildPhase;
			buildActionMask = 2147483647;
			files = (
				4839A409208B92E700E15B62 /* LaunchScreen.storyboard in Resources */,
				48A6CEC9208CA1E300724E63 /* GoogleService-Info.plist in Resources */,
				4839A406208B92E700E15B62 /* Assets.xcassets in Resources */,
				484019A92091C99E00E6113F /* newMessage.wav in Resources */,
				4839A404208B92E500E15B62 /* Main.storyboard in Resources */,
			);
			runOnlyForDeploymentPostprocessing = 0;
		};
/* End PBXResourcesBuildPhase section */

/* Begin PBXShellScriptBuildPhase section */
		6860B8B215A325C9C1882F3C /* [CP] Check Pods Manifest.lock */ = {
			isa = PBXShellScriptBuildPhase;
			buildActionMask = 2147483647;
			files = (
			);
			inputPaths = (
				"${PODS_PODFILE_DIR_PATH}/Podfile.lock",
				"${PODS_ROOT}/Manifest.lock",
			);
			name = "[CP] Check Pods Manifest.lock";
			outputPaths = (
				"$(DERIVED_FILE_DIR)/Pods-QuickChatClone-checkManifestLockResult.txt",
			);
			runOnlyForDeploymentPostprocessing = 0;
			shellPath = /bin/sh;
			shellScript = "diff \"${PODS_PODFILE_DIR_PATH}/Podfile.lock\" \"${PODS_ROOT}/Manifest.lock\" > /dev/null\nif [ $? != 0 ] ; then\n    # print error to STDERR\n    echo \"error: The sandbox is not in sync with the Podfile.lock. Run 'pod install' or update your CocoaPods installation.\" >&2\n    exit 1\nfi\n# This output is used by Xcode 'outputs' to avoid re-running this script phase.\necho \"SUCCESS\" > \"${SCRIPT_OUTPUT_FILE_0}\"\n";
			showEnvVarsInLog = 0;
		};
		EFC05686635C425CEC100CEF /* [CP] Embed Pods Frameworks */ = {
			isa = PBXShellScriptBuildPhase;
			buildActionMask = 2147483647;
			files = (
			);
			inputPaths = (
				"${SRCROOT}/Pods/Target Support Files/Pods-QuickChatClone/Pods-QuickChatClone-frameworks.sh",
				"${BUILT_PRODUCTS_DIR}/GTMSessionFetcher/GTMSessionFetcher.framework",
				"${BUILT_PRODUCTS_DIR}/GoogleToolboxForMac/GoogleToolboxForMac.framework",
				"${BUILT_PRODUCTS_DIR}/leveldb-library/leveldb.framework",
				"${BUILT_PRODUCTS_DIR}/nanopb/nanopb.framework",
			);
			name = "[CP] Embed Pods Frameworks";
			outputPaths = (
				"${TARGET_BUILD_DIR}/${FRAMEWORKS_FOLDER_PATH}/GTMSessionFetcher.framework",
				"${TARGET_BUILD_DIR}/${FRAMEWORKS_FOLDER_PATH}/GoogleToolboxForMac.framework",
				"${TARGET_BUILD_DIR}/${FRAMEWORKS_FOLDER_PATH}/leveldb.framework",
				"${TARGET_BUILD_DIR}/${FRAMEWORKS_FOLDER_PATH}/nanopb.framework",
			);
			runOnlyForDeploymentPostprocessing = 0;
			shellPath = /bin/sh;
			shellScript = "\"${SRCROOT}/Pods/Target Support Files/Pods-QuickChatClone/Pods-QuickChatClone-frameworks.sh\"\n";
			showEnvVarsInLog = 0;
		};
/* End PBXShellScriptBuildPhase section */

/* Begin PBXSourcesBuildPhase section */
		4839A3F7208B92E500E15B62 /* Sources */ = {
			isa = PBXSourcesBuildPhase;
			buildActionMask = 2147483647;
			files = (
				48F4E841208CF4F600892F6E /* VCCells.swift in Sources */,
				48A6CEC7208C9DE500724E63 /* User.swift in Sources */,
				4839A413208B939900E15B62 /* WelcomeViewController.swift in Sources */,
				4839A401208B92E500E15B62 /* LandingViewController.swift in Sources */,
				48A6CECD208CC26600724E63 /* ConversationsViewController.swift in Sources */,
				484019A720917AC500E6113F /* Conversation.swift in Sources */,
				48A6CECB208CB39800724E63 /* NavigationViewController.swift in Sources */,
				4839A3FF208B92E500E15B62 /* AppDelegate.swift in Sources */,
				4815A11C208DC90D00FD1E10 /* Message.swift in Sources */,
				4815A11A208DB8AF00FD1E10 /* ChatViewController.swift in Sources */,
				4815A118208D859600FD1E10 /* HelperFiles.swift in Sources */,
			);
			runOnlyForDeploymentPostprocessing = 0;
		};
/* End PBXSourcesBuildPhase section */

/* Begin PBXVariantGroup section */
		4839A402208B92E500E15B62 /* Main.storyboard */ = {
			isa = PBXVariantGroup;
			children = (
				4839A403208B92E500E15B62 /* Base */,
			);
			name = Main.storyboard;
			sourceTree = "<group>";
		};
		4839A407208B92E700E15B62 /* LaunchScreen.storyboard */ = {
			isa = PBXVariantGroup;
			children = (
				4839A408208B92E700E15B62 /* Base */,
			);
			name = LaunchScreen.storyboard;
			sourceTree = "<group>";
		};
/* End PBXVariantGroup section */

/* Begin XCBuildConfiguration section */
		4839A40B208B92E700E15B62 /* Debug */ = {
			isa = XCBuildConfiguration;
			buildSettings = {
				ALWAYS_SEARCH_USER_PATHS = NO;
				CLANG_ANALYZER_NONNULL = YES;
				CLANG_ANALYZER_NUMBER_OBJECT_CONVERSION = YES_AGGRESSIVE;
				CLANG_CXX_LANGUAGE_STANDARD = "gnu++14";
				CLANG_CXX_LIBRARY = "libc++";
				CLANG_ENABLE_MODULES = YES;
				CLANG_ENABLE_OBJC_ARC = YES;
				CLANG_ENABLE_OBJC_WEAK = YES;
				CLANG_WARN_BLOCK_CAPTURE_AUTORELEASING = YES;
				CLANG_WARN_BOOL_CONVERSION = YES;
				CLANG_WARN_COMMA = YES;
				CLANG_WARN_CONSTANT_CONVERSION = YES;
				CLANG_WARN_DEPRECATED_OBJC_IMPLEMENTATIONS = YES;
				CLANG_WARN_DIRECT_OBJC_ISA_USAGE = YES_ERROR;
				CLANG_WARN_DOCUMENTATION_COMMENTS = YES;
				CLANG_WARN_EMPTY_BODY = YES;
				CLANG_WARN_ENUM_CONVERSION = YES;
				CLANG_WARN_INFINITE_RECURSION = YES;
				CLANG_WARN_INT_CONVERSION = YES;
				CLANG_WARN_NON_LITERAL_NULL_CONVERSION = YES;
				CLANG_WARN_OBJC_IMPLICIT_RETAIN_SELF = YES;
				CLANG_WARN_OBJC_LITERAL_CONVERSION = YES;
				CLANG_WARN_OBJC_ROOT_CLASS = YES_ERROR;
				CLANG_WARN_RANGE_LOOP_ANALYSIS = YES;
				CLANG_WARN_STRICT_PROTOTYPES = YES;
				CLANG_WARN_SUSPICIOUS_MOVE = YES;
				CLANG_WARN_UNGUARDED_AVAILABILITY = YES_AGGRESSIVE;
				CLANG_WARN_UNREACHABLE_CODE = YES;
				CLANG_WARN__DUPLICATE_METHOD_MATCH = YES;
				CODE_SIGN_IDENTITY = "iPhone Developer";
				COPY_PHASE_STRIP = NO;
				DEBUG_INFORMATION_FORMAT = dwarf;
				ENABLE_STRICT_OBJC_MSGSEND = YES;
				ENABLE_TESTABILITY = YES;
				GCC_C_LANGUAGE_STANDARD = gnu11;
				GCC_DYNAMIC_NO_PIC = NO;
				GCC_NO_COMMON_BLOCKS = YES;
				GCC_OPTIMIZATION_LEVEL = 0;
				GCC_PREPROCESSOR_DEFINITIONS = (
					"DEBUG=1",
					"$(inherited)",
				);
				GCC_WARN_64_TO_32_BIT_CONVERSION = YES;
				GCC_WARN_ABOUT_RETURN_TYPE = YES_ERROR;
				GCC_WARN_UNDECLARED_SELECTOR = YES;
				GCC_WARN_UNINITIALIZED_AUTOS = YES_AGGRESSIVE;
				GCC_WARN_UNUSED_FUNCTION = YES;
				GCC_WARN_UNUSED_VARIABLE = YES;
				IPHONEOS_DEPLOYMENT_TARGET = 11.3;
				MTL_ENABLE_DEBUG_INFO = YES;
				ONLY_ACTIVE_ARCH = YES;
				SDKROOT = iphoneos;
				SWIFT_ACTIVE_COMPILATION_CONDITIONS = DEBUG;
				SWIFT_OPTIMIZATION_LEVEL = "-Onone";
			};
			name = Debug;
		};
		4839A40C208B92E700E15B62 /* Release */ = {
			isa = XCBuildConfiguration;
			buildSettings = {
				ALWAYS_SEARCH_USER_PATHS = NO;
				CLANG_ANALYZER_NONNULL = YES;
				CLANG_ANALYZER_NUMBER_OBJECT_CONVERSION = YES_AGGRESSIVE;
				CLANG_CXX_LANGUAGE_STANDARD = "gnu++14";
				CLANG_CXX_LIBRARY = "libc++";
				CLANG_ENABLE_MODULES = YES;
				CLANG_ENABLE_OBJC_ARC = YES;
				CLANG_ENABLE_OBJC_WEAK = YES;
				CLANG_WARN_BLOCK_CAPTURE_AUTORELEASING = YES;
				CLANG_WARN_BOOL_CONVERSION = YES;
				CLANG_WARN_COMMA = YES;
				CLANG_WARN_CONSTANT_CONVERSION = YES;
				CLANG_WARN_DEPRECATED_OBJC_IMPLEMENTATIONS = YES;
				CLANG_WARN_DIRECT_OBJC_ISA_USAGE = YES_ERROR;
				CLANG_WARN_DOCUMENTATION_COMMENTS = YES;
				CLANG_WARN_EMPTY_BODY = YES;
				CLANG_WARN_ENUM_CONVERSION = YES;
				CLANG_WARN_INFINITE_RECURSION = YES;
				CLANG_WARN_INT_CONVERSION = YES;
				CLANG_WARN_NON_LITERAL_NULL_CONVERSION = YES;
				CLANG_WARN_OBJC_IMPLICIT_RETAIN_SELF = YES;
				CLANG_WARN_OBJC_LITERAL_CONVERSION = YES;
				CLANG_WARN_OBJC_ROOT_CLASS = YES_ERROR;
				CLANG_WARN_RANGE_LOOP_ANALYSIS = YES;
				CLANG_WARN_STRICT_PROTOTYPES = YES;
				CLANG_WARN_SUSPICIOUS_MOVE = YES;
				CLANG_WARN_UNGUARDED_AVAILABILITY = YES_AGGRESSIVE;
				CLANG_WARN_UNREACHABLE_CODE = YES;
				CLANG_WARN__DUPLICATE_METHOD_MATCH = YES;
				CODE_SIGN_IDENTITY = "iPhone Developer";
				COPY_PHASE_STRIP = NO;
				DEBUG_INFORMATION_FORMAT = "dwarf-with-dsym";
				ENABLE_NS_ASSERTIONS = NO;
				ENABLE_STRICT_OBJC_MSGSEND = YES;
				GCC_C_LANGUAGE_STANDARD = gnu11;
				GCC_NO_COMMON_BLOCKS = YES;
				GCC_WARN_64_TO_32_BIT_CONVERSION = YES;
				GCC_WARN_ABOUT_RETURN_TYPE = YES_ERROR;
				GCC_WARN_UNDECLARED_SELECTOR = YES;
				GCC_WARN_UNINITIALIZED_AUTOS = YES_AGGRESSIVE;
				GCC_WARN_UNUSED_FUNCTION = YES;
				GCC_WARN_UNUSED_VARIABLE = YES;
				IPHONEOS_DEPLOYMENT_TARGET = 11.3;
				MTL_ENABLE_DEBUG_INFO = NO;
				SDKROOT = iphoneos;
				SWIFT_COMPILATION_MODE = wholemodule;
				SWIFT_OPTIMIZATION_LEVEL = "-O";
				VALIDATE_PRODUCT = YES;
			};
			name = Release;
		};
		4839A40E208B92E700E15B62 /* Debug */ = {
			isa = XCBuildConfiguration;
			baseConfigurationReference = 46634387B9089EF0301B802D /* Pods-QuickChatClone.debug.xcconfig */;
			buildSettings = {
				ASSETCATALOG_COMPILER_APPICON_NAME = AppIcon;
				CODE_SIGN_STYLE = Automatic;
				INFOPLIST_FILE = QuickChatClone/Info.plist;
				LD_RUNPATH_SEARCH_PATHS = (
					"$(inherited)",
					"@executable_path/Frameworks",
				);
				PRODUCT_BUNDLE_IDENTIFIER = com.trungtrinh.QuickChatClone;
				PRODUCT_NAME = "$(TARGET_NAME)";
				SWIFT_VERSION = 4.0;
				TARGETED_DEVICE_FAMILY = "1,2";
			};
			name = Debug;
		};
		4839A40F208B92E700E15B62 /* Release */ = {
			isa = XCBuildConfiguration;
			baseConfigurationReference = 6D4715BDBFDAD15DFFD7811B /* Pods-QuickChatClone.release.xcconfig */;
			buildSettings = {
				ASSETCATALOG_COMPILER_APPICON_NAME = AppIcon;
				CODE_SIGN_STYLE = Automatic;
				INFOPLIST_FILE = QuickChatClone/Info.plist;
				LD_RUNPATH_SEARCH_PATHS = (
					"$(inherited)",
					"@executable_path/Frameworks",
				);
				PRODUCT_BUNDLE_IDENTIFIER = com.trungtrinh.QuickChatClone;
				PRODUCT_NAME = "$(TARGET_NAME)";
				SWIFT_VERSION = 4.0;
				TARGETED_DEVICE_FAMILY = "1,2";
			};
			name = Release;
		};
/* End XCBuildConfiguration section */

/* Begin XCConfigurationList section */
		4839A3F6208B92E500E15B62 /* Build configuration list for PBXProject "QuickChatClone" */ = {
			isa = XCConfigurationList;
			buildConfigurations = (
				4839A40B208B92E700E15B62 /* Debug */,
				4839A40C208B92E700E15B62 /* Release */,
			);
			defaultConfigurationIsVisible = 0;
			defaultConfigurationName = Release;
		};
		4839A40D208B92E700E15B62 /* Build configuration list for PBXNativeTarget "QuickChatClone" */ = {
			isa = XCConfigurationList;
			buildConfigurations = (
				4839A40E208B92E700E15B62 /* Debug */,
				4839A40F208B92E700E15B62 /* Release */,
			);
			defaultConfigurationIsVisible = 0;
			defaultConfigurationName = Release;
		};
/* End XCConfigurationList section */
	};
	rootObject = 4839A3F3208B92E500E15B62 /* Project object */;
}
